
Microsoft Visual Studio Solution File, Format Version 12.00
# Visual Studio Version 16
VisualStudioVersion = 25.0.1700.6
MinimumVisualStudioVersion = 10.0.40219.1
Project("{FAE04EC0-301F-11D3-BF4B-00C04F79EFBC}") = "Demo", "Demo\Demo.csproj", "{98AB2BDB-1636-4D61-A921-31F558563CC9}"
EndProject
Project("{FAE04EC0-301F-11D3-BF4B-00C04F79EFBC}") = "ReverseText_01", "ReverseText_01\ReverseText_01.csproj", "{F32AFAC0-7BC0-4129-9847-B573B55FFC81}"
EndProject
Project("{FAE04EC0-301F-11D3-BF4B-00C04F79EFBC}") = "RepeatStrings_02", "RepeatStrings_02\RepeatStrings_02.csproj", "{374A0AA6-AA6C-49F6-BCAD-15DD5A68BDF7}"
EndProject
Project("{FAE04EC0-301F-11D3-BF4B-00C04F79EFBC}") = "Substring_03", "Substring_03\Substring_03.csproj", "{7B8507C7-8052-42E3-898E-5CA4AC2ED154}"
EndProject
Project("{FAE04EC0-301F-11D3-BF4B-00C04F79EFBC}") = "TextFilter_04", "TextFilter_04\TextFilter_04.csproj", "{F2989C49-1D4D-49FB-8384-B97B4584DA84}"
EndProject
Project("{FAE04EC0-301F-11D3-BF4B-00C04F79EFBC}") = "StringBuilderDemo", "StringBuilderDemo\StringBuilderDemo.csproj", "{A86EDC01-24E7-4107-86D2-8DA00DDB43A5}"
EndProject
Project("{FAE04EC0-301F-11D3-BF4B-00C04F79EFBC}") = "DemoStringvsStringBuilder", "DemoStringvsStringBuilder\DemoStringvsStringBuilder.csproj", "{E012F46C-88A9-41BB-881A-CB5C8C5AC905}"
EndProject
Global
	GlobalSection(SolutionConfigurationPlatforms) = preSolution
		Debug|Any CPU = Debug|Any CPU
		Release|Any CPU = Release|Any CPU
	EndGlobalSection
	GlobalSection(ProjectConfigurationPlatforms) = postSolution
		{98AB2BDB-1636-4D61-A921-31F558563CC9}.Debug|Any CPU.ActiveCfg = Debug|Any CPU
		{98AB2BDB-1636-4D61-A921-31F558563CC9}.Debug|Any CPU.Build.0 = Debug|Any CPU
		{98AB2BDB-1636-4D61-A921-31F558563CC9}.Release|Any CPU.ActiveCfg = Release|Any CPU
		{98AB2BDB-1636-4D61-A921-31F558563CC9}.Release|Any CPU.Build.0 = Release|Any CPU
		{F32AFAC0-7BC0-4129-9847-B573B55FFC81}.Debug|Any CPU.ActiveCfg = Debug|Any CPU
		{F32AFAC0-7BC0-4129-9847-B573B55FFC81}.Debug|Any CPU.Build.0 = Debug|Any CPU
		{F32AFAC0-7BC0-4129-9847-B573B55FFC81}.Release|Any CPU.ActiveCfg = Release|Any CPU
		{F32AFAC0-7BC0-4129-9847-B573B55FFC81}.Release|Any CPU.Build.0 = Release|Any CPU
		{374A0AA6-AA6C-49F6-BCAD-15DD5A68BDF7}.Debug|Any CPU.ActiveCfg = Debug|Any CPU
		{374A0AA6-AA6C-49F6-BCAD-15DD5A68BDF7}.Debug|Any CPU.Build.0 = Debug|Any CPU
		{374A0AA6-AA6C-49F6-BCAD-15DD5A68BDF7}.Release|Any CPU.ActiveCfg = Release|Any CPU
		{374A0AA6-AA6C-49F6-BCAD-15DD5A68BDF7}.Release|Any CPU.Build.0 = Release|Any CPU
		{7B8507C7-8052-42E3-898E-5CA4AC2ED154}.Debug|Any CPU.ActiveCfg = Debug|Any CPU
		{7B8507C7-8052-42E3-898E-5CA4AC2ED154}.Debug|Any CPU.Build.0 = Debug|Any CPU
		{7B8507C7-8052-42E3-898E-5CA4AC2ED154}.Release|Any CPU.ActiveCfg = Release|Any CPU
		{7B8507C7-8052-42E3-898E-5CA4AC2ED154}.Release|Any CPU.Build.0 = Release|Any CPU
		{F2989C49-1D4D-49FB-8384-B97B4584DA84}.Debug|Any CPU.ActiveCfg = Debug|Any CPU
		{F2989C49-1D4D-49FB-8384-B97B4584DA84}.Debug|Any CPU.Build.0 = Debug|Any CPU
		{F2989C49-1D4D-49FB-8384-B97B4584DA84}.Release|Any CPU.ActiveCfg = Release|Any CPU
		{F2989C49-1D4D-49FB-8384-B97B4584DA84}.Release|Any CPU.Build.0 = Release|Any CPU
		{A86EDC01-24E7-4107-86D2-8DA00DDB43A5}.Debug|Any CPU.ActiveCfg = Debug|Any CPU
		{A86EDC01-24E7-4107-86D2-8DA00DDB43A5}.Debug|Any CPU.Build.0 = Debug|Any CPU
		{A86EDC01-24E7-4107-86D2-8DA00DDB43A5}.Release|Any CPU.ActiveCfg = Release|Any CPU
		{A86EDC01-24E7-4107-86D2-8DA00DDB43A5}.Release|Any CPU.Build.0 = Release|Any CPU
		{E012F46C-88A9-41BB-881A-CB5C8C5AC905}.Debug|Any CPU.ActiveCfg = Debug|Any CPU
		{E012F46C-88A9-41BB-881A-CB5C8C5AC905}.Debug|Any CPU.Build.0 = Debug|Any CPU
		{E012F46C-88A9-41BB-881A-CB5C8C5AC905}.Release|Any CPU.ActiveCfg = Release|Any CPU
		{E012F46C-88A9-41BB-881A-CB5C8C5AC905}.Release|Any CPU.Build.0 = Release|Any CPU
	EndGlobalSection
	GlobalSection(SolutionProperties) = preSolution
		HideSolutionNode = FALSE
	EndGlobalSection
	GlobalSection(ExtensibilityGlobals) = postSolution
		SolutionGuid = {7D71C17F-74B1-420C-85CA-0D70292ED3C2}
	EndGlobalSection
EndGlobal
