
Microsoft Visual Studio Solution File, Format Version 12.00
# Visual Studio Version 17
VisualStudioVersion = 17.10.35027.167
MinimumVisualStudioVersion = 10.0.40219.1
Project("{9A19103F-16F7-4668-BE54-9A1E7A4F7556}") = "PracticeProject", "PracticeProject\PracticeProject.csproj", "{A269AC3B-DEFC-4D70-8193-7232F1742E59}"
EndProject
Project("{FAE04EC0-301F-11D3-BF4B-00C04F79EFBC}") = "TestProject", "TestProjects\TestProject.csproj", "{F930D3AE-0370-4B14-B2EA-818E203AAD22}"
EndProject
Global
	GlobalSection(SolutionConfigurationPlatforms) = preSolution
		Debug|Any CPU = Debug|Any CPU
		Release|Any CPU = Release|Any CPU
	EndGlobalSection
	GlobalSection(ProjectConfigurationPlatforms) = postSolution
		{A269AC3B-DEFC-4D70-8193-7232F1742E59}.Debug|Any CPU.ActiveCfg = Debug|Any CPU
		{A269AC3B-DEFC-4D70-8193-7232F1742E59}.Debug|Any CPU.Build.0 = Debug|Any CPU
		{A269AC3B-DEFC-4D70-8193-7232F1742E59}.Release|Any CPU.ActiveCfg = Release|Any CPU
		{A269AC3B-DEFC-4D70-8193-7232F1742E59}.Release|Any CPU.Build.0 = Release|Any CPU
		{F930D3AE-0370-4B14-B2EA-818E203AAD22}.Debug|Any CPU.ActiveCfg = Debug|Any CPU
		{F930D3AE-0370-4B14-B2EA-818E203AAD22}.Debug|Any CPU.Build.0 = Debug|Any CPU
		{F930D3AE-0370-4B14-B2EA-818E203AAD22}.Release|Any CPU.ActiveCfg = Release|Any CPU
		{F930D3AE-0370-4B14-B2EA-818E203AAD22}.Release|Any CPU.Build.0 = Release|Any CPU
	EndGlobalSection
	GlobalSection(SolutionProperties) = preSolution
		HideSolutionNode = FALSE
	EndGlobalSection
	GlobalSection(ExtensibilityGlobals) = postSolution
		SolutionGuid = {B50FE866-9181-467C-8F8B-BD3C75E6F6FD}
	EndGlobalSection
EndGlobal
