
Microsoft Visual Studio Solution File, Format Version 12.00
# Visual Studio Version 17
VisualStudioVersion = 17.10.35013.160
MinimumVisualStudioVersion = 10.0.40219.1
Project("{9A19103F-16F7-4668-BE54-9A1E7A4F7556}") = "SearchWithImlicitWait", "SearchWithImlicitWait\SearchWithImlicitWait.csproj", "{5381E306-1BBC-49FF-B516-27C5735EFACC}"
EndProject
Project("{9A19103F-16F7-4668-BE54-9A1E7A4F7556}") = "SearchWithExplicitWait", "SearchWithExplicitWait\SearchWithExplicitWait.csproj", "{20D098AB-E667-40B1-8DDE-94345F8B653B}"
EndProject
Project("{9A19103F-16F7-4668-BE54-9A1E7A4F7556}") = "WorkingWithWindows", "WorkingWithWindows\WorkingWithWindows.csproj", "{41B3D5B2-C9A9-4C50-B9C8-6EE41B23D809}"
EndProject
Project("{FAE04EC0-301F-11D3-BF4B-00C04F79EFBC}") = "WorkingWithAlerts", "WorkingWithAlerts\WorkingWithAlerts.csproj", "{E9E3FEE1-6126-466F-9262-4F59CEEE3EAC}"
EndProject
Project("{FAE04EC0-301F-11D3-BF4B-00C04F79EFBC}") = "WorkingWithIFrames", "WorkingWithIFrames\WorkingWithIFrames.csproj", "{77026296-A413-4486-BE8A-D4368488B9F3}"
EndProject
Global
	GlobalSection(SolutionConfigurationPlatforms) = preSolution
		Debug|Any CPU = Debug|Any CPU
		Release|Any CPU = Release|Any CPU
	EndGlobalSection
	GlobalSection(ProjectConfigurationPlatforms) = postSolution
		{5381E306-1BBC-49FF-B516-27C5735EFACC}.Debug|Any CPU.ActiveCfg = Debug|Any CPU
		{5381E306-1BBC-49FF-B516-27C5735EFACC}.Debug|Any CPU.Build.0 = Debug|Any CPU
		{5381E306-1BBC-49FF-B516-27C5735EFACC}.Release|Any CPU.ActiveCfg = Release|Any CPU
		{5381E306-1BBC-49FF-B516-27C5735EFACC}.Release|Any CPU.Build.0 = Release|Any CPU
		{20D098AB-E667-40B1-8DDE-94345F8B653B}.Debug|Any CPU.ActiveCfg = Debug|Any CPU
		{20D098AB-E667-40B1-8DDE-94345F8B653B}.Debug|Any CPU.Build.0 = Debug|Any CPU
		{20D098AB-E667-40B1-8DDE-94345F8B653B}.Release|Any CPU.ActiveCfg = Release|Any CPU
		{20D098AB-E667-40B1-8DDE-94345F8B653B}.Release|Any CPU.Build.0 = Release|Any CPU
		{41B3D5B2-C9A9-4C50-B9C8-6EE41B23D809}.Debug|Any CPU.ActiveCfg = Debug|Any CPU
		{41B3D5B2-C9A9-4C50-B9C8-6EE41B23D809}.Debug|Any CPU.Build.0 = Debug|Any CPU
		{41B3D5B2-C9A9-4C50-B9C8-6EE41B23D809}.Release|Any CPU.ActiveCfg = Release|Any CPU
		{41B3D5B2-C9A9-4C50-B9C8-6EE41B23D809}.Release|Any CPU.Build.0 = Release|Any CPU
		{E9E3FEE1-6126-466F-9262-4F59CEEE3EAC}.Debug|Any CPU.ActiveCfg = Debug|Any CPU
		{E9E3FEE1-6126-466F-9262-4F59CEEE3EAC}.Debug|Any CPU.Build.0 = Debug|Any CPU
		{E9E3FEE1-6126-466F-9262-4F59CEEE3EAC}.Release|Any CPU.ActiveCfg = Release|Any CPU
		{E9E3FEE1-6126-466F-9262-4F59CEEE3EAC}.Release|Any CPU.Build.0 = Release|Any CPU
		{77026296-A413-4486-BE8A-D4368488B9F3}.Debug|Any CPU.ActiveCfg = Debug|Any CPU
		{77026296-A413-4486-BE8A-D4368488B9F3}.Debug|Any CPU.Build.0 = Debug|Any CPU
		{77026296-A413-4486-BE8A-D4368488B9F3}.Release|Any CPU.ActiveCfg = Release|Any CPU
		{77026296-A413-4486-BE8A-D4368488B9F3}.Release|Any CPU.Build.0 = Release|Any CPU
	EndGlobalSection
	GlobalSection(SolutionProperties) = preSolution
		HideSolutionNode = FALSE
	EndGlobalSection
	GlobalSection(ExtensibilityGlobals) = postSolution
		SolutionGuid = {1FA0C91C-9C9A-47D9-B55B-2023F5E2BBCA}
	EndGlobalSection
EndGlobal
